
Microsoft Visual Studio Solution File, Format Version 12.00
# Visual Studio Version 17
VisualStudioVersion = 17.8.34511.84
MinimumVisualStudioVersion = 10.0.40219.1
Project("{FAE04EC0-301F-11D3-BF4B-00C04F79EFBC}") = "MathEvalLogic", "MathEvalLogic\MathEvalLogic.csproj", "{96593936-9A29-4493-8135-8C9A4B07C56B}"
EndProject
Project("{FAE04EC0-301F-11D3-BF4B-00C04F79EFBC}") = "MathEvalCmd", "MathEvalCmd\MathEvalCmd.csproj", "{A0AB13BB-C878-4341-B39D-7DD57180686C}"
EndProject
Project("{FAE04EC0-301F-11D3-BF4B-00C04F79EFBC}") = "MathEvalUi", "MathEvalUi\MathEvalUi.csproj", "{CE403940-7147-4CF9-98DF-D649DE1F72B6}"
EndProject
Project("{FAE04EC0-301F-11D3-BF4B-00C04F79EFBC}") = "TableIOLogic", "CellIOLogic\TableIOLogic.csproj", "{B590A0AD-3930-4B2E-9FFC-67D114ED06B0}"
EndProject
Global
	GlobalSection(SolutionConfigurationPlatforms) = preSolution
		Debug|Any CPU = Debug|Any CPU
		Release|Any CPU = Release|Any CPU
	EndGlobalSection
	GlobalSection(ProjectConfigurationPlatforms) = postSolution
		{96593936-9A29-4493-8135-8C9A4B07C56B}.Debug|Any CPU.ActiveCfg = Debug|Any CPU
		{96593936-9A29-4493-8135-8C9A4B07C56B}.Debug|Any CPU.Build.0 = Debug|Any CPU
		{96593936-9A29-4493-8135-8C9A4B07C56B}.Release|Any CPU.ActiveCfg = Release|Any CPU
		{96593936-9A29-4493-8135-8C9A4B07C56B}.Release|Any CPU.Build.0 = Release|Any CPU
		{A0AB13BB-C878-4341-B39D-7DD57180686C}.Debug|Any CPU.ActiveCfg = Debug|Any CPU
		{A0AB13BB-C878-4341-B39D-7DD57180686C}.Debug|Any CPU.Build.0 = Debug|Any CPU
		{A0AB13BB-C878-4341-B39D-7DD57180686C}.Release|Any CPU.ActiveCfg = Release|Any CPU
		{A0AB13BB-C878-4341-B39D-7DD57180686C}.Release|Any CPU.Build.0 = Release|Any CPU
		{CE403940-7147-4CF9-98DF-D649DE1F72B6}.Debug|Any CPU.ActiveCfg = Debug|Any CPU
		{CE403940-7147-4CF9-98DF-D649DE1F72B6}.Debug|Any CPU.Build.0 = Debug|Any CPU
		{CE403940-7147-4CF9-98DF-D649DE1F72B6}.Release|Any CPU.ActiveCfg = Release|Any CPU
		{CE403940-7147-4CF9-98DF-D649DE1F72B6}.Release|Any CPU.Build.0 = Release|Any CPU
		{B590A0AD-3930-4B2E-9FFC-67D114ED06B0}.Debug|Any CPU.ActiveCfg = Debug|Any CPU
		{B590A0AD-3930-4B2E-9FFC-67D114ED06B0}.Debug|Any CPU.Build.0 = Debug|Any CPU
		{B590A0AD-3930-4B2E-9FFC-67D114ED06B0}.Release|Any CPU.ActiveCfg = Release|Any CPU
		{B590A0AD-3930-4B2E-9FFC-67D114ED06B0}.Release|Any CPU.Build.0 = Release|Any CPU
	EndGlobalSection
	GlobalSection(SolutionProperties) = preSolution
		HideSolutionNode = FALSE
	EndGlobalSection
	GlobalSection(ExtensibilityGlobals) = postSolution
		SolutionGuid = {80422226-8E27-4710-9C73-3CE591547BC3}
	EndGlobalSection
EndGlobal
